
Microsoft Visual Studio Solution File, Format Version 12.00
# Visual Studio 15
VisualStudioVersion = 15.0.28010.2016
MinimumVisualStudioVersion = 10.0.40219.1
Project("{FAE04EC0-301F-11D3-BF4B-00C04F79EFBC}") = "lab2", "lab2\lab2.csproj", "{AFB69F5E-B268-42EA-AFB3-7BA45020112D}"
EndProject
Global
	GlobalSection(SolutionConfigurationPlatforms) = preSolution
		Debug|Any CPU = Debug|Any CPU
		Release|Any CPU = Release|Any CPU
	EndGlobalSection
	GlobalSection(ProjectConfigurationPlatforms) = postSolution
		{AFB69F5E-B268-42EA-AFB3-7BA45020112D}.Debug|Any CPU.ActiveCfg = Debug|Any CPU
		{AFB69F5E-B268-42EA-AFB3-7BA45020112D}.Debug|Any CPU.Build.0 = Debug|Any CPU
		{AFB69F5E-B268-42EA-AFB3-7BA45020112D}.Release|Any CPU.ActiveCfg = Release|Any CPU
		{AFB69F5E-B268-42EA-AFB3-7BA45020112D}.Release|Any CPU.Build.0 = Release|Any CPU
	EndGlobalSection
	GlobalSection(SolutionProperties) = preSolution
		HideSolutionNode = FALSE
	EndGlobalSection
	GlobalSection(ExtensibilityGlobals) = postSolution
		SolutionGuid = {11900F3A-DE9C-46B7-8AC2-50634571158C}
	EndGlobalSection
EndGlobal
